// !$*UTF8*$!
{
	archiveVersion = 1;
	classes = {
	};
	objectVersion = 55;
	objects = {

/* Begin PBXBuildFile section */
		6F331A9F2D369DF80014C1F6 /* AppDelegate.swift in Sources */ = {isa = PBXBuildFile; fileRef = 6F331A9E2D369DF80014C1F6 /* AppDelegate.swift */; };
		6F331AA12D369DF80014C1F6 /* SceneDelegate.swift in Sources */ = {isa = PBXBuildFile; fileRef = 6F331AA02D369DF80014C1F6 /* SceneDelegate.swift */; };
		6F331AA32D369DF80014C1F6 /* ViewController.swift in Sources */ = {isa = PBXBuildFile; fileRef = 6F331AA22D369DF80014C1F6 /* ViewController.swift */; };
		6F331AA62D369DF80014C1F6 /* Main.storyboard in Resources */ = {isa = PBXBuildFile; fileRef = 6F331AA42D369DF80014C1F6 /* Main.storyboard */; };
		6F331AA82D369DFF0014C1F6 /* Assets.xcassets in Resources */ = {isa = PBXBuildFile; fileRef = 6F331AA72D369DFF0014C1F6 /* Assets.xcassets */; };
		6F331AAB2D369DFF0014C1F6 /* LaunchScreen.storyboard in Resources */ = {isa = PBXBuildFile; fileRef = 6F331AA92D369DFF0014C1F6 /* LaunchScreen.storyboard */; };
		6F7DDEE52D84ABAF00F2107D /* web3swift in Frameworks */ = {isa = PBXBuildFile; productRef = 6F7DDEE42D84ABAF00F2107D /* web3swift */; };
		6F7DDEE82D84AD1B00F2107D /* WalletConnect in Frameworks */ = {isa = PBXBuildFile; productRef = 6F7DDEE72D84AD1B00F2107D /* WalletConnect */; };
		6F7DDEEA2D84AD1B00F2107D /* WalletConnectAuth in Frameworks */ = {isa = PBXBuildFile; productRef = 6F7DDEE92D84AD1B00F2107D /* WalletConnectAuth */; };
		6F7DDEEC2D84AD1B00F2107D /* WalletConnectPairing in Frameworks */ = {isa = PBXBuildFile; productRef = 6F7DDEEB2D84AD1B00F2107D /* WalletConnectPairing */; };
		6F7DDEEE2D84AD1B00F2107D /* Web3Wallet in Frameworks */ = {isa = PBXBuildFile; productRef = 6F7DDEED2D84AD1B00F2107D /* Web3Wallet */; };
/* End PBXBuildFile section */

/* Begin PBXFileReference section */
		6F331A9B2D369DF80014C1F6 /* bicredit.app */ = {isa = PBXFileReference; explicitFileType = wrapper.application; includeInIndex = 0; path = bicredit.app; sourceTree = BUILT_PRODUCTS_DIR; };
		6F331A9E2D369DF80014C1F6 /* AppDelegate.swift */ = {isa = PBXFileReference; lastKnownFileType = sourcecode.swift; path = AppDelegate.swift; sourceTree = "<group>"; };
		6F331AA02D369DF80014C1F6 /* SceneDelegate.swift */ = {isa = PBXFileReference; lastKnownFileType = sourcecode.swift; path = SceneDelegate.swift; sourceTree = "<group>"; };
		6F331AA22D369DF80014C1F6 /* ViewController.swift */ = {isa = PBXFileReference; lastKnownFileType = sourcecode.swift; path = ViewController.swift; sourceTree = "<group>"; };
		6F331AA52D369DF80014C1F6 /* Base */ = {isa = PBXFileReference; lastKnownFileType = file.storyboard; name = Base; path = Base.lproj/Main.storyboard; sourceTree = "<group>"; };
		6F331AA72D369DFF0014C1F6 /* Assets.xcassets */ = {isa = PBXFileReference; lastKnownFileType = folder.assetcatalog; path = Assets.xcassets; sourceTree = "<group>"; };
		6F331AAA2D369DFF0014C1F6 /* Base */ = {isa = PBXFileReference; lastKnownFileType = file.storyboard; name = Base; path = Base.lproj/LaunchScreen.storyboard; sourceTree = "<group>"; };
		6F331AAC2D369DFF0014C1F6 /* Info.plist */ = {isa = PBXFileReference; lastKnownFileType = text.plist.xml; path = Info.plist; sourceTree = "<group>"; };
/* End PBXFileReference section */

/* Begin PBXFrameworksBuildPhase section */
		6F331A982D369DF80014C1F6 /* Frameworks */ = {
			isa = PBXFrameworksBuildPhase;
			buildActionMask = 2147483647;
			files = (
				6F7DDEE82D84AD1B00F2107D /* WalletConnect in Frameworks */,
				6F7DDEEC2D84AD1B00F2107D /* WalletConnectPairing in Frameworks */,
				6F7DDEEE2D84AD1B00F2107D /* Web3Wallet in Frameworks */,
				6F7DDEE52D84ABAF00F2107D /* web3swift in Frameworks */,
				6F7DDEEA2D84AD1B00F2107D /* WalletConnectAuth in Frameworks */,
			);
			runOnlyForDeploymentPostprocessing = 0;
		};
/* End PBXFrameworksBuildPhase section */

/* Begin PBXGroup section */
		6F331A922D369DF80014C1F6 = {
			isa = PBXGroup;
			children = (
				6F331A9D2D369DF80014C1F6 /* bicredit */,
				6F331A9C2D369DF80014C1F6 /* Products */,
			);
			sourceTree = "<group>";
		};
		6F331A9C2D369DF80014C1F6 /* Products */ = {
			isa = PBXGroup;
			children = (
				6F331A9B2D369DF80014C1F6 /* bicredit.app */,
			);
			name = Products;
			sourceTree = "<group>";
		};
		6F331A9D2D369DF80014C1F6 /* bicredit */ = {
			isa = PBXGroup;
			children = (
				6F331AB22D369EC00014C1F6 /* Model */,
				6F331AB32D369EC90014C1F6 /* View */,
				6F331AB42D369ED70014C1F6 /* Controller */,
				6F331A9E2D369DF80014C1F6 /* AppDelegate.swift */,
				6F331AA02D369DF80014C1F6 /* SceneDelegate.swift */,
				6F331AA22D369DF80014C1F6 /* ViewController.swift */,
				6F331AA42D369DF80014C1F6 /* Main.storyboard */,
				6F331AA72D369DFF0014C1F6 /* Assets.xcassets */,
				6F331AA92D369DFF0014C1F6 /* LaunchScreen.storyboard */,
				6F331AAC2D369DFF0014C1F6 /* Info.plist */,
			);
			path = bicredit;
			sourceTree = "<group>";
		};
		6F331AB22D369EC00014C1F6 /* Model */ = {
			isa = PBXGroup;
			children = (
			);
			path = Model;
			sourceTree = "<group>";
		};
		6F331AB32D369EC90014C1F6 /* View */ = {
			isa = PBXGroup;
			children = (
			);
			path = View;
			sourceTree = "<group>";
		};
		6F331AB42D369ED70014C1F6 /* Controller */ = {
			isa = PBXGroup;
			children = (
			);
			path = Controller;
			sourceTree = "<group>";
		};
/* End PBXGroup section */

/* Begin PBXNativeTarget section */
		6F331A9A2D369DF80014C1F6 /* bicredit */ = {
			isa = PBXNativeTarget;
			buildConfigurationList = 6F331AAF2D369DFF0014C1F6 /* Build configuration list for PBXNativeTarget "bicredit" */;
			buildPhases = (
				6F331A972D369DF80014C1F6 /* Sources */,
				6F331A982D369DF80014C1F6 /* Frameworks */,
				6F331A992D369DF80014C1F6 /* Resources */,
			);
			buildRules = (
			);
			dependencies = (
			);
			name = bicredit;
			packageProductDependencies = (
				6F7DDEE42D84ABAF00F2107D /* web3swift */,
				6F7DDEE72D84AD1B00F2107D /* WalletConnect */,
				6F7DDEE92D84AD1B00F2107D /* WalletConnectAuth */,
				6F7DDEEB2D84AD1B00F2107D /* WalletConnectPairing */,
				6F7DDEED2D84AD1B00F2107D /* Web3Wallet */,
			);
			productName = bicredit;
			productReference = 6F331A9B2D369DF80014C1F6 /* bicredit.app */;
			productType = "com.apple.product-type.application";
		};
/* End PBXNativeTarget section */

/* Begin PBXProject section */
		6F331A932D369DF80014C1F6 /* Project object */ = {
			isa = PBXProject;
			attributes = {
				BuildIndependentTargetsInParallel = 1;
				LastSwiftUpdateCheck = 1340;
				LastUpgradeCheck = 1340;
				TargetAttributes = {
					6F331A9A2D369DF80014C1F6 = {
						CreatedOnToolsVersion = 13.4.1;
					};
				};
			};
			buildConfigurationList = 6F331A962D369DF80014C1F6 /* Build configuration list for PBXProject "bicredit" */;
			compatibilityVersion = "Xcode 13.0";
			developmentRegion = en;
			hasScannedForEncodings = 0;
			knownRegions = (
				en,
				Base,
			);
			mainGroup = 6F331A922D369DF80014C1F6;
			packageReferences = (
				6F7DDEE32D84ABAF00F2107D /* XCRemoteSwiftPackageReference "web3swift" */,
				6F7DDEE62D84AD1B00F2107D /* XCRemoteSwiftPackageReference "WalletConnectSwiftV2" */,
			);
			productRefGroup = 6F331A9C2D369DF80014C1F6 /* Products */;
			projectDirPath = "";
			projectRoot = "";
			targets = (
				6F331A9A2D369DF80014C1F6 /* bicredit */,
			);
		};
/* End PBXProject section */

/* Begin PBXResourcesBuildPhase section */
		6F331A992D369DF80014C1F6 /* Resources */ = {
			isa = PBXResourcesBuildPhase;
			buildActionMask = 2147483647;
			files = (
				6F331AAB2D369DFF0014C1F6 /* LaunchScreen.storyboard in Resources */,
				6F331AA82D369DFF0014C1F6 /* Assets.xcassets in Resources */,
				6F331AA62D369DF80014C1F6 /* Main.storyboard in Resources */,
			);
			runOnlyForDeploymentPostprocessing = 0;
		};
/* End PBXResourcesBuildPhase section */

/* Begin PBXSourcesBuildPhase section */
		6F331A972D369DF80014C1F6 /* Sources */ = {
			isa = PBXSourcesBuildPhase;
			buildActionMask = 2147483647;
			files = (
				6F331AA32D369DF80014C1F6 /* ViewController.swift in Sources */,
				6F331A9F2D369DF80014C1F6 /* AppDelegate.swift in Sources */,
				6F331AA12D369DF80014C1F6 /* SceneDelegate.swift in Sources */,
			);
			runOnlyForDeploymentPostprocessing = 0;
		};
/* End PBXSourcesBuildPhase section */

/* Begin PBXVariantGroup section */
		6F331AA42D369DF80014C1F6 /* Main.storyboard */ = {
			isa = PBXVariantGroup;
			children = (
				6F331AA52D369DF80014C1F6 /* Base */,
			);
			name = Main.storyboard;
			sourceTree = "<group>";
		};
		6F331AA92D369DFF0014C1F6 /* LaunchScreen.storyboard */ = {
			isa = PBXVariantGroup;
			children = (
				6F331AAA2D369DFF0014C1F6 /* Base */,
			);
			name = LaunchScreen.storyboard;
			sourceTree = "<group>";
		};
/* End PBXVariantGroup section */

/* Begin XCBuildConfiguration section */
		6F331AAD2D369DFF0014C1F6 /* Debug */ = {
			isa = XCBuildConfiguration;
			buildSettings = {
				ALWAYS_SEARCH_USER_PATHS = NO;
				CLANG_ANALYZER_NONNULL = YES;
				CLANG_ANALYZER_NUMBER_OBJECT_CONVERSION = YES_AGGRESSIVE;
				CLANG_CXX_LANGUAGE_STANDARD = "gnu++17";
				CLANG_ENABLE_MODULES = YES;
				CLANG_ENABLE_OBJC_ARC = YES;
				CLANG_ENABLE_OBJC_WEAK = YES;
				CLANG_WARN_BLOCK_CAPTURE_AUTORELEASING = YES;
				CLANG_WARN_BOOL_CONVERSION = YES;
				CLANG_WARN_COMMA = YES;
				CLANG_WARN_CONSTANT_CONVERSION = YES;
				CLANG_WARN_DEPRECATED_OBJC_IMPLEMENTATIONS = YES;
				CLANG_WARN_DIRECT_OBJC_ISA_USAGE = YES_ERROR;
				CLANG_WARN_DOCUMENTATION_COMMENTS = YES;
				CLANG_WARN_EMPTY_BODY = YES;
				CLANG_WARN_ENUM_CONVERSION = YES;
				CLANG_WARN_INFINITE_RECURSION = YES;
				CLANG_WARN_INT_CONVERSION = YES;
				CLANG_WARN_NON_LITERAL_NULL_CONVERSION = YES;
				CLANG_WARN_OBJC_IMPLICIT_RETAIN_SELF = YES;
				CLANG_WARN_OBJC_LITERAL_CONVERSION = YES;
				CLANG_WARN_OBJC_ROOT_CLASS = YES_ERROR;
				CLANG_WARN_QUOTED_INCLUDE_IN_FRAMEWORK_HEADER = YES;
				CLANG_WARN_RANGE_LOOP_ANALYSIS = YES;
				CLANG_WARN_STRICT_PROTOTYPES = YES;
				CLANG_WARN_SUSPICIOUS_MOVE = YES;
				CLANG_WARN_UNGUARDED_AVAILABILITY = YES_AGGRESSIVE;
				CLANG_WARN_UNREACHABLE_CODE = YES;
				CLANG_WARN__DUPLICATE_METHOD_MATCH = YES;
				COPY_PHASE_STRIP = NO;
				DEBUG_INFORMATION_FORMAT = dwarf;
				ENABLE_STRICT_OBJC_MSGSEND = YES;
				ENABLE_TESTABILITY = YES;
				GCC_C_LANGUAGE_STANDARD = gnu11;
				GCC_DYNAMIC_NO_PIC = NO;
				GCC_NO_COMMON_BLOCKS = YES;
				GCC_OPTIMIZATION_LEVEL = 0;
				GCC_PREPROCESSOR_DEFINITIONS = (
					"DEBUG=1",
					"$(inherited)",
				);
				GCC_WARN_64_TO_32_BIT_CONVERSION = YES;
				GCC_WARN_ABOUT_RETURN_TYPE = YES_ERROR;
				GCC_WARN_UNDECLARED_SELECTOR = YES;
				GCC_WARN_UNINITIALIZED_AUTOS = YES_AGGRESSIVE;
				GCC_WARN_UNUSED_FUNCTION = YES;
				GCC_WARN_UNUSED_VARIABLE = YES;
				IPHONEOS_DEPLOYMENT_TARGET = 15.5;
				MTL_ENABLE_DEBUG_INFO = INCLUDE_SOURCE;
				MTL_FAST_MATH = YES;
				ONLY_ACTIVE_ARCH = YES;
				SDKROOT = iphoneos;
				SWIFT_ACTIVE_COMPILATION_CONDITIONS = DEBUG;
				SWIFT_OPTIMIZATION_LEVEL = "-Onone";
			};
			name = Debug;
		};
		6F331AAE2D369DFF0014C1F6 /* Release */ = {
			isa = XCBuildConfiguration;
			buildSettings = {
				ALWAYS_SEARCH_USER_PATHS = NO;
				CLANG_ANALYZER_NONNULL = YES;
				CLANG_ANALYZER_NUMBER_OBJECT_CONVERSION = YES_AGGRESSIVE;
				CLANG_CXX_LANGUAGE_STANDARD = "gnu++17";
				CLANG_ENABLE_MODULES = YES;
				CLANG_ENABLE_OBJC_ARC = YES;
				CLANG_ENABLE_OBJC_WEAK = YES;
				CLANG_WARN_BLOCK_CAPTURE_AUTORELEASING = YES;
				CLANG_WARN_BOOL_CONVERSION = YES;
				CLANG_WARN_COMMA = YES;
				CLANG_WARN_CONSTANT_CONVERSION = YES;
				CLANG_WARN_DEPRECATED_OBJC_IMPLEMENTATIONS = YES;
				CLANG_WARN_DIRECT_OBJC_ISA_USAGE = YES_ERROR;
				CLANG_WARN_DOCUMENTATION_COMMENTS = YES;
				CLANG_WARN_EMPTY_BODY = YES;
				CLANG_WARN_ENUM_CONVERSION = YES;
				CLANG_WARN_INFINITE_RECURSION = YES;
				CLANG_WARN_INT_CONVERSION = YES;
				CLANG_WARN_NON_LITERAL_NULL_CONVERSION = YES;
				CLANG_WARN_OBJC_IMPLICIT_RETAIN_SELF = YES;
				CLANG_WARN_OBJC_LITERAL_CONVERSION = YES;
				CLANG_WARN_OBJC_ROOT_CLASS = YES_ERROR;
				CLANG_WARN_QUOTED_INCLUDE_IN_FRAMEWORK_HEADER = YES;
				CLANG_WARN_RANGE_LOOP_ANALYSIS = YES;
				CLANG_WARN_STRICT_PROTOTYPES = YES;
				CLANG_WARN_SUSPICIOUS_MOVE = YES;
				CLANG_WARN_UNGUARDED_AVAILABILITY = YES_AGGRESSIVE;
				CLANG_WARN_UNREACHABLE_CODE = YES;
				CLANG_WARN__DUPLICATE_METHOD_MATCH = YES;
				COPY_PHASE_STRIP = NO;
				DEBUG_INFORMATION_FORMAT = "dwarf-with-dsym";
				ENABLE_NS_ASSERTIONS = NO;
				ENABLE_STRICT_OBJC_MSGSEND = YES;
				GCC_C_LANGUAGE_STANDARD = gnu11;
				GCC_NO_COMMON_BLOCKS = YES;
				GCC_WARN_64_TO_32_BIT_CONVERSION = YES;
				GCC_WARN_ABOUT_RETURN_TYPE = YES_ERROR;
				GCC_WARN_UNDECLARED_SELECTOR = YES;
				GCC_WARN_UNINITIALIZED_AUTOS = YES_AGGRESSIVE;
				GCC_WARN_UNUSED_FUNCTION = YES;
				GCC_WARN_UNUSED_VARIABLE = YES;
				IPHONEOS_DEPLOYMENT_TARGET = 15.5;
				MTL_ENABLE_DEBUG_INFO = NO;
				MTL_FAST_MATH = YES;
				SDKROOT = iphoneos;
				SWIFT_COMPILATION_MODE = wholemodule;
				SWIFT_OPTIMIZATION_LEVEL = "-O";
				VALIDATE_PRODUCT = YES;
			};
			name = Release;
		};
		6F331AB02D369DFF0014C1F6 /* Debug */ = {
			isa = XCBuildConfiguration;
			buildSettings = {
				ASSETCATALOG_COMPILER_APPICON_NAME = AppIcon;
				ASSETCATALOG_COMPILER_GLOBAL_ACCENT_COLOR_NAME = AccentColor;
				CODE_SIGN_STYLE = Automatic;
				CURRENT_PROJECT_VERSION = 1;
				DEVELOPMENT_TEAM = YXGJT34UMD;
				GENERATE_INFOPLIST_FILE = YES;
				INFOPLIST_FILE = bicredit/Info.plist;
				INFOPLIST_KEY_UIApplicationSupportsIndirectInputEvents = YES;
				INFOPLIST_KEY_UILaunchStoryboardName = LaunchScreen;
				INFOPLIST_KEY_UIMainStoryboardFile = Main;
				INFOPLIST_KEY_UISupportedInterfaceOrientations_iPad = "UIInterfaceOrientationPortrait UIInterfaceOrientationPortraitUpsideDown UIInterfaceOrientationLandscapeLeft UIInterfaceOrientationLandscapeRight";
				INFOPLIST_KEY_UISupportedInterfaceOrientations_iPhone = "UIInterfaceOrientationPortrait UIInterfaceOrientationLandscapeLeft UIInterfaceOrientationLandscapeRight";
				LD_RUNPATH_SEARCH_PATHS = (
					"$(inherited)",
					"@executable_path/Frameworks",
				);
				MARKETING_VERSION = 1.0;
				PRODUCT_BUNDLE_IDENTIFIER = com.DYB.bicredit;
				PRODUCT_NAME = "$(TARGET_NAME)";
				SWIFT_EMIT_LOC_STRINGS = YES;
				SWIFT_VERSION = 5.0;
				TARGETED_DEVICE_FAMILY = "1,2";
			};
			name = Debug;
		};
		6F331AB12D369DFF0014C1F6 /* Release */ = {
			isa = XCBuildConfiguration;
			buildSettings = {
				ASSETCATALOG_COMPILER_APPICON_NAME = AppIcon;
				ASSETCATALOG_COMPILER_GLOBAL_ACCENT_COLOR_NAME = AccentColor;
				CODE_SIGN_STYLE = Automatic;
				CURRENT_PROJECT_VERSION = 1;
				DEVELOPMENT_TEAM = YXGJT34UMD;
				GENERATE_INFOPLIST_FILE = YES;
				INFOPLIST_FILE = bicredit/Info.plist;
				INFOPLIST_KEY_UIApplicationSupportsIndirectInputEvents = YES;
				INFOPLIST_KEY_UILaunchStoryboardName = LaunchScreen;
				INFOPLIST_KEY_UIMainStoryboardFile = Main;
				INFOPLIST_KEY_UISupportedInterfaceOrientations_iPad = "UIInterfaceOrientationPortrait UIInterfaceOrientationPortraitUpsideDown UIInterfaceOrientationLandscapeLeft UIInterfaceOrientationLandscapeRight";
				INFOPLIST_KEY_UISupportedInterfaceOrientations_iPhone = "UIInterfaceOrientationPortrait UIInterfaceOrientationLandscapeLeft UIInterfaceOrientationLandscapeRight";
				LD_RUNPATH_SEARCH_PATHS = (
					"$(inherited)",
					"@executable_path/Frameworks",
				);
				MARKETING_VERSION = 1.0;
				PRODUCT_BUNDLE_IDENTIFIER = com.DYB.bicredit;
				PRODUCT_NAME = "$(TARGET_NAME)";
				SWIFT_EMIT_LOC_STRINGS = YES;
				SWIFT_VERSION = 5.0;
				TARGETED_DEVICE_FAMILY = "1,2";
			};
			name = Release;
		};
/* End XCBuildConfiguration section */

/* Begin XCConfigurationList section */
		6F331A962D369DF80014C1F6 /* Build configuration list for PBXProject "bicredit" */ = {
			isa = XCConfigurationList;
			buildConfigurations = (
				6F331AAD2D369DFF0014C1F6 /* Debug */,
				6F331AAE2D369DFF0014C1F6 /* Release */,
			);
			defaultConfigurationIsVisible = 0;
			defaultConfigurationName = Release;
		};
		6F331AAF2D369DFF0014C1F6 /* Build configuration list for PBXNativeTarget "bicredit" */ = {
			isa = XCConfigurationList;
			buildConfigurations = (
				6F331AB02D369DFF0014C1F6 /* Debug */,
				6F331AB12D369DFF0014C1F6 /* Release */,
			);
			defaultConfigurationIsVisible = 0;
			defaultConfigurationName = Release;
		};
/* End XCConfigurationList section */

/* Begin XCRemoteSwiftPackageReference section */
		6F7DDEE32D84ABAF00F2107D /* XCRemoteSwiftPackageReference "web3swift" */ = {
			isa = XCRemoteSwiftPackageReference;
			repositoryURL = "https://github.com/skywinder/web3swift";
			requirement = {
				kind = upToNextMajorVersion;
				minimumVersion = 3.0.0;
			};
		};
		6F7DDEE62D84AD1B00F2107D /* XCRemoteSwiftPackageReference "WalletConnectSwiftV2" */ = {
			isa = XCRemoteSwiftPackageReference;
			repositoryURL = "https://github.com/WalletConnect/WalletConnectSwiftV2";
			requirement = {
				kind = upToNextMajorVersion;
				minimumVersion = 6.0.0;
			};
		};
/* End XCRemoteSwiftPackageReference section */

/* Begin XCSwiftPackageProductDependency section */
		6F7DDEE42D84ABAF00F2107D /* web3swift */ = {
			isa = XCSwiftPackageProductDependency;
			package = 6F7DDEE32D84ABAF00F2107D /* XCRemoteSwiftPackageReference "web3swift" */;
			productName = web3swift;
		};
		6F7DDEE72D84AD1B00F2107D /* WalletConnect */ = {
			isa = XCSwiftPackageProductDependency;
			package = 6F7DDEE62D84AD1B00F2107D /* XCRemoteSwiftPackageReference "WalletConnectSwiftV2" */;
			productName = WalletConnect;
		};
		6F7DDEE92D84AD1B00F2107D /* WalletConnectAuth */ = {
			isa = XCSwiftPackageProductDependency;
			package = 6F7DDEE62D84AD1B00F2107D /* XCRemoteSwiftPackageReference "WalletConnectSwiftV2" */;
			productName = WalletConnectAuth;
		};
		6F7DDEEB2D84AD1B00F2107D /* WalletConnectPairing */ = {
			isa = XCSwiftPackageProductDependency;
			package = 6F7DDEE62D84AD1B00F2107D /* XCRemoteSwiftPackageReference "WalletConnectSwiftV2" */;
			productName = WalletConnectPairing;
		};
		6F7DDEED2D84AD1B00F2107D /* Web3Wallet */ = {
			isa = XCSwiftPackageProductDependency;
			package = 6F7DDEE62D84AD1B00F2107D /* XCRemoteSwiftPackageReference "WalletConnectSwiftV2" */;
			productName = Web3Wallet;
		};
/* End XCSwiftPackageProductDependency section */
	};
	rootObject = 6F331A932D369DF80014C1F6 /* Project object */;
}
